{
  "name": "presenter-export",
  "version": "0.1.0",
  "lockfileVersion": 3,
  "requires": true,
  "packages": {
    "": {
      "name": "presenter-export",
      "version": "0.1.0",
      "license": "GPL-3.0-or-later",
      "dependencies": {
        "html-to-image": "^1.11.11",
        "presenter": "file:../.."
      }
    },
    "../..": {
      "version": "0.2.3",
      "license": "GPL-3.0-or-later",
      "dependencies": {
        "animejs": "^3.2.2"
      },
      "devDependencies": {
        "@types/animejs": "^3.1.12",
        "husky": "^9.1.7",
        "lint-staged": "^15.2.10",
        "prettier": "^3.4.1",
        "ts-loader": "^9.5.1",
        "typescript": "^5.7.2",
        "webpack": "^5.96.1",
        "webpack-cli": "^5.1.4"
      }
    },
    "node_modules/html-to-image": {
      "version": "1.11.11",
      "resolved": "https://registry.npmjs.org/html-to-image/-/html-to-image-1.11.11.tgz",
      "integrity": "sha512-9gux8QhvjRO/erSnDPv28noDZcPZmYE7e1vFsBLKLlRlKDSqNJYebj6Qz1TGd5lsRV+X+xYyjCKjuZdABinWjA==",
      "license": "MIT"
    },
    "node_modules/presenter": {
      "resolved": "../..",
      "link": true
    }
  }
}
